
Microsoft Visual Studio Solution File, Format Version 12.00
# Visual Studio Version 17
VisualStudioVersion = 17.3.32819.101
MinimumVisualStudioVersion = 10.0.40219.1
Project("{FAE04EC0-301F-11D3-BF4B-00C04F79EFBC}") = "Bai7", "Bai7\Bai7.csproj", "{2CDA8ECC-A4EE-4113-BC10-51B45015017B}"
EndProject
Global
	GlobalSection(SolutionConfigurationPlatforms) = preSolution
		Debug|Any CPU = Debug|Any CPU
		Release|Any CPU = Release|Any CPU
	EndGlobalSection
	GlobalSection(ProjectConfigurationPlatforms) = postSolution
		{2CDA8ECC-A4EE-4113-BC10-51B45015017B}.Debug|Any CPU.ActiveCfg = Debug|Any CPU
		{2CDA8ECC-A4EE-4113-BC10-51B45015017B}.Debug|Any CPU.Build.0 = Debug|Any CPU
		{2CDA8ECC-A4EE-4113-BC10-51B45015017B}.Release|Any CPU.ActiveCfg = Release|Any CPU
		{2CDA8ECC-A4EE-4113-BC10-51B45015017B}.Release|Any CPU.Build.0 = Release|Any CPU
	EndGlobalSection
	GlobalSection(SolutionProperties) = preSolution
		HideSolutionNode = FALSE
	EndGlobalSection
	GlobalSection(ExtensibilityGlobals) = postSolution
		SolutionGuid = {E4EEC3DD-EEFC-4778-AC30-BBE4082515E9}
	EndGlobalSection
EndGlobal
