
Microsoft Visual Studio Solution File, Format Version 12.00
# Visual Studio Version 17
VisualStudioVersion = 17.3.32819.101
MinimumVisualStudioVersion = 10.0.40219.1
Project("{FAE04EC0-301F-11D3-BF4B-00C04F79EFBC}") = "Bai5", "Bai5\Bai5.csproj", "{1B54337B-68FB-46B0-BB23-76542770883D}"
EndProject
Global
	GlobalSection(SolutionConfigurationPlatforms) = preSolution
		Debug|Any CPU = Debug|Any CPU
		Release|Any CPU = Release|Any CPU
	EndGlobalSection
	GlobalSection(ProjectConfigurationPlatforms) = postSolution
		{1B54337B-68FB-46B0-BB23-76542770883D}.Debug|Any CPU.ActiveCfg = Debug|Any CPU
		{1B54337B-68FB-46B0-BB23-76542770883D}.Debug|Any CPU.Build.0 = Debug|Any CPU
		{1B54337B-68FB-46B0-BB23-76542770883D}.Release|Any CPU.ActiveCfg = Release|Any CPU
		{1B54337B-68FB-46B0-BB23-76542770883D}.Release|Any CPU.Build.0 = Release|Any CPU
	EndGlobalSection
	GlobalSection(SolutionProperties) = preSolution
		HideSolutionNode = FALSE
	EndGlobalSection
	GlobalSection(ExtensibilityGlobals) = postSolution
		SolutionGuid = {70A7BA7F-0A55-409C-9B25-2C81B3D34BBE}
	EndGlobalSection
EndGlobal
