
Microsoft Visual Studio Solution File, Format Version 12.00
# Visual Studio Version 17
VisualStudioVersion = 17.3.32819.101
MinimumVisualStudioVersion = 10.0.40219.1
Project("{FAE04EC0-301F-11D3-BF4B-00C04F79EFBC}") = "Bai2", "Bai2\Bai2.csproj", "{68FFB5F6-1CC2-4BE1-B45C-58B8C0A2516A}"
EndProject
Global
	GlobalSection(SolutionConfigurationPlatforms) = preSolution
		Debug|Any CPU = Debug|Any CPU
		Release|Any CPU = Release|Any CPU
	EndGlobalSection
	GlobalSection(ProjectConfigurationPlatforms) = postSolution
		{68FFB5F6-1CC2-4BE1-B45C-58B8C0A2516A}.Debug|Any CPU.ActiveCfg = Debug|Any CPU
		{68FFB5F6-1CC2-4BE1-B45C-58B8C0A2516A}.Debug|Any CPU.Build.0 = Debug|Any CPU
		{68FFB5F6-1CC2-4BE1-B45C-58B8C0A2516A}.Release|Any CPU.ActiveCfg = Release|Any CPU
		{68FFB5F6-1CC2-4BE1-B45C-58B8C0A2516A}.Release|Any CPU.Build.0 = Release|Any CPU
	EndGlobalSection
	GlobalSection(SolutionProperties) = preSolution
		HideSolutionNode = FALSE
	EndGlobalSection
	GlobalSection(ExtensibilityGlobals) = postSolution
		SolutionGuid = {C44DDE46-9B71-42D6-B745-8E62249A67F3}
	EndGlobalSection
EndGlobal
